
Microsoft Visual Studio Solution File, Format Version 12.00
# Visual Studio Version 16
VisualStudioVersion = 16.0.810.25
MinimumVisualStudioVersion = 10.0.40219.1
Project("{FAE04EC0-301F-11D3-BF4B-00C04F79EFBC}") = "IterationAssignment", "IterationAssignment\IterationAssignment.csproj", "{7A607146-805C-4E0F-B4CC-62DDEB879B6E}"
EndProject
Global
	GlobalSection(SolutionConfigurationPlatforms) = preSolution
		Debug|Any CPU = Debug|Any CPU
		Release|Any CPU = Release|Any CPU
	EndGlobalSection
	GlobalSection(ProjectConfigurationPlatforms) = postSolution
		{7A607146-805C-4E0F-B4CC-62DDEB879B6E}.Debug|Any CPU.ActiveCfg = Debug|Any CPU
		{7A607146-805C-4E0F-B4CC-62DDEB879B6E}.Debug|Any CPU.Build.0 = Debug|Any CPU
		{7A607146-805C-4E0F-B4CC-62DDEB879B6E}.Release|Any CPU.ActiveCfg = Release|Any CPU
		{7A607146-805C-4E0F-B4CC-62DDEB879B6E}.Release|Any CPU.Build.0 = Release|Any CPU
	EndGlobalSection
	GlobalSection(SolutionProperties) = preSolution
		HideSolutionNode = FALSE
	EndGlobalSection
	GlobalSection(ExtensibilityGlobals) = postSolution
		SolutionGuid = {1249B10B-2418-4B91-8027-A6BCAA300DB0}
	EndGlobalSection
EndGlobal
