
Microsoft Visual Studio Solution File, Format Version 12.00
# Visual Studio Version 16
VisualStudioVersion = 16.0.810.25
MinimumVisualStudioVersion = 10.0.40219.1
Project("{FAE04EC0-301F-11D3-BF4B-00C04F79EFBC}") = "MathComparisonOperator", "MathComparisonOperator\MathComparisonOperator.csproj", "{622B7E92-B466-4537-B129-183D811C4C70}"
EndProject
Global
	GlobalSection(SolutionConfigurationPlatforms) = preSolution
		Debug|anycpu = Debug|anycpu
		Release|anycpu = Release|anycpu
	EndGlobalSection
	GlobalSection(ProjectConfigurationPlatforms) = postSolution
		{622B7E92-B466-4537-B129-183D811C4C70}.Debug|anycpu.ActiveCfg = Debug|anycpu
		{622B7E92-B466-4537-B129-183D811C4C70}.Debug|anycpu.Build.0 = Debug|anycpu
		{622B7E92-B466-4537-B129-183D811C4C70}.Release|anycpu.ActiveCfg = Release|anycpu
		{622B7E92-B466-4537-B129-183D811C4C70}.Release|anycpu.Build.0 = Release|anycpu
	EndGlobalSection
	GlobalSection(SolutionProperties) = preSolution
		HideSolutionNode = FALSE
	EndGlobalSection
	GlobalSection(ExtensibilityGlobals) = postSolution
		SolutionGuid = {C125AFDA-14AB-4183-9DA9-A1DC88B2F7D7}
	EndGlobalSection
EndGlobal
