
Microsoft Visual Studio Solution File, Format Version 12.00
# Visual Studio Version 16
VisualStudioVersion = 16.0.810.25
MinimumVisualStudioVersion = 10.0.40219.1
Project("{FAE04EC0-301F-11D3-BF4B-00C04F79EFBC}") = "MathComparisonOperators", "MathComparisonOperators\MathComparisonOperators.csproj", "{9AC66C31-5FA5-49B6-93BB-F2A242438940}"
EndProject
Global
	GlobalSection(SolutionConfigurationPlatforms) = preSolution
		Debug|anycpu = Debug|anycpu
		Release|anycpu = Release|anycpu
	EndGlobalSection
	GlobalSection(ProjectConfigurationPlatforms) = postSolution
		{9AC66C31-5FA5-49B6-93BB-F2A242438940}.Debug|anycpu.ActiveCfg = Debug|anycpu
		{9AC66C31-5FA5-49B6-93BB-F2A242438940}.Debug|anycpu.Build.0 = Debug|anycpu
		{9AC66C31-5FA5-49B6-93BB-F2A242438940}.Release|anycpu.ActiveCfg = Release|anycpu
		{9AC66C31-5FA5-49B6-93BB-F2A242438940}.Release|anycpu.Build.0 = Release|anycpu
	EndGlobalSection
	GlobalSection(SolutionProperties) = preSolution
		HideSolutionNode = FALSE
	EndGlobalSection
	GlobalSection(ExtensibilityGlobals) = postSolution
		SolutionGuid = {29A52325-0F88-4F95-8351-5D312F0CD62C}
	EndGlobalSection
EndGlobal
