
Microsoft Visual Studio Solution File, Format Version 12.00
# Visual Studio Version 16
VisualStudioVersion = 16.0.810.25
MinimumVisualStudioVersion = 10.0.40219.1
Project("{FAE04EC0-301F-11D3-BF4B-00C04F79EFBC}") = "WebAppTutorial", "WebAppTutorial\WebAppTutorial.csproj", "{ADC4B6D9-C68E-46F2-82E1-84D196F7D9EA}"
EndProject
Global
	GlobalSection(SolutionConfigurationPlatforms) = preSolution
		Debug|Any CPU = Debug|Any CPU
		Release|Any CPU = Release|Any CPU
	EndGlobalSection
	GlobalSection(ProjectConfigurationPlatforms) = postSolution
		{ADC4B6D9-C68E-46F2-82E1-84D196F7D9EA}.Debug|Any CPU.ActiveCfg = Debug|Any CPU
		{ADC4B6D9-C68E-46F2-82E1-84D196F7D9EA}.Debug|Any CPU.Build.0 = Debug|Any CPU
		{ADC4B6D9-C68E-46F2-82E1-84D196F7D9EA}.Release|Any CPU.ActiveCfg = Release|Any CPU
		{ADC4B6D9-C68E-46F2-82E1-84D196F7D9EA}.Release|Any CPU.Build.0 = Release|Any CPU
	EndGlobalSection
	GlobalSection(SolutionProperties) = preSolution
		HideSolutionNode = FALSE
	EndGlobalSection
	GlobalSection(ExtensibilityGlobals) = postSolution
		SolutionGuid = {D531F51F-8E73-4E3F-A078-7536383D4FA3}
	EndGlobalSection
EndGlobal
